
Microsoft Visual Studio Solution File, Format Version 12.00
Project("{FAE04EC0-301F-11D3-BF4B-00C04F79EFBC}") = "DailyQuestion", "DailyQuestion\DailyQuestion.csproj", "{01514AA3-3452-40B8-AB64-B5400CC6F60B}"
EndProject
Project("{FAE04EC0-301F-11D3-BF4B-00C04F79EFBC}") = "Entities", "Entities\Entities.csproj", "{95BE31E1-169D-47CE-91FE-1180133AD30D}"
EndProject
Global
	GlobalSection(SolutionConfigurationPlatforms) = preSolution
		Debug|Any CPU = Debug|Any CPU
		Release|Any CPU = Release|Any CPU
	EndGlobalSection
	GlobalSection(ProjectConfigurationPlatforms) = postSolution
		{01514AA3-3452-40B8-AB64-B5400CC6F60B}.Debug|Any CPU.ActiveCfg = Debug|Any CPU
		{01514AA3-3452-40B8-AB64-B5400CC6F60B}.Debug|Any CPU.Build.0 = Debug|Any CPU
		{01514AA3-3452-40B8-AB64-B5400CC6F60B}.Release|Any CPU.ActiveCfg = Release|Any CPU
		{01514AA3-3452-40B8-AB64-B5400CC6F60B}.Release|Any CPU.Build.0 = Release|Any CPU
		{95BE31E1-169D-47CE-91FE-1180133AD30D}.Debug|Any CPU.ActiveCfg = Debug|Any CPU
		{95BE31E1-169D-47CE-91FE-1180133AD30D}.Debug|Any CPU.Build.0 = Debug|Any CPU
		{95BE31E1-169D-47CE-91FE-1180133AD30D}.Release|Any CPU.ActiveCfg = Release|Any CPU
		{95BE31E1-169D-47CE-91FE-1180133AD30D}.Release|Any CPU.Build.0 = Release|Any CPU
	EndGlobalSection
EndGlobal
